// !$*UTF8*$!
{
	archiveVersion = 1;
	classes = {
	};
	objectVersion = 56;
	objects = {

/* Begin PBXBuildFile section */
		8F4C00142CAE000100000001 /* RoanaApp.swift in Sources */ = {isa = PBXBuildFile; fileRef = 8F4C00082CAE000100000001 /* RoanaApp.swift */; };
		8F4C00152CAE000100000001 /* ContentView.swift in Sources */ = {isa = PBXBuildFile; fileRef = 8F4C00092CAE000100000001 /* ContentView.swift */; };
		8F4C00162CAE000100000001 /* CameraAuthorization.swift in Sources */ = {isa = PBXBuildFile; fileRef = 8F4C000A2CAE000100000001 /* CameraAuthorization.swift */; };
		8F4C00172CAE000100000001 /* CameraPreviewView.swift in Sources */ = {isa = PBXBuildFile; fileRef = 8F4C000B2CAE000100000001 /* CameraPreviewView.swift */; };
		8F4C00182CAE000100000001 /* CameraSessionController.swift in Sources */ = {isa = PBXBuildFile; fileRef = 8F4C000C2CAE000100000001 /* CameraSessionController.swift */; };
		8F4C00192CAE000100000001 /* DeviceDiagnostics.swift in Sources */ = {isa = PBXBuildFile; fileRef = 8F4C000D2CAE000100000001 /* DeviceDiagnostics.swift */; };
		8F4C001A2CAE000100000001 /* FrameDiagnostics.swift in Sources */ = {isa = PBXBuildFile; fileRef = 8F4C000E2CAE000100000001 /* FrameDiagnostics.swift */; };
		8F4C001B2CAE000100000001 /* RollingPercentileWindow.swift in Sources */ = {isa = PBXBuildFile; fileRef = 8F4C000F2CAE000100000001 /* RollingPercentileWindow.swift */; };
		8F4C001C2CAE000100000001 /* Assets.xcassets in Resources */ = {isa = PBXBuildFile; fileRef = 8F4C00102CAE000100000001 /* Assets.xcassets */; };
		8F4C001F2CAE000100000001 /* YoloObstacleDetector.swift in Sources */ = {isa = PBXBuildFile; fileRef = 8F4C00202CAE000100000001 /* YoloObstacleDetector.swift */; };
		8F4C00212CAE000100000001 /* SpeechFeedbackDispatcher.swift in Sources */ = {isa = PBXBuildFile; fileRef = 8F4C00222CAE000100000001 /* SpeechFeedbackDispatcher.swift */; };
		8F4C00252CAE000100000001 /* CorridorPlanner.swift in Sources */ = {isa = PBXBuildFile; fileRef = 8F4C00262CAE000100000001 /* CorridorPlanner.swift */; };
		8F4C00272CAE000100000001 /* CorridorStateMachine.swift in Sources */ = {isa = PBXBuildFile; fileRef = 8F4C00282CAE000100000001 /* CorridorStateMachine.swift */; };
		8F4C00292CAE000100000001 /* CorridorGridFusion.swift in Sources */ = {isa = PBXBuildFile; fileRef = 8F4C002A2CAE000100000001 /* CorridorGridFusion.swift */; };
		8F4C002B2CAE000100000001 /* CorridorPipeline.swift in Sources */ = {isa = PBXBuildFile; fileRef = 8F4C002C2CAE000100000001 /* CorridorPipeline.swift */; };
		8F4C002E2CAE000100000001 /* DepthAnythingOutputAdapter.swift in Sources */ = {isa = PBXBuildFile; fileRef = 8F4C002F2CAE000100000001 /* DepthAnythingOutputAdapter.swift */; };
		8F4C00312CAE000100000001 /* DepthAnythingRunner.swift in Sources */ = {isa = PBXBuildFile; fileRef = 8F4C00322CAE000100000001 /* DepthAnythingRunner.swift */; };
		8F4C00332CAE000100000001 /* CorridorFeedbackDispatcher.swift in Sources */ = {isa = PBXBuildFile; fileRef = 8F4C00342CAE000100000001 /* CorridorFeedbackDispatcher.swift */; };
		8F4C00352CAE000100000001 /* ModelAssetResourceLocator.swift in Sources */ = {isa = PBXBuildFile; fileRef = 8F4C00362CAE000100000001 /* ModelAssetResourceLocator.swift */; };
		8F4C00372CAE000100000001 /* ModelAssets in Resources */ = {isa = PBXBuildFile; fileRef = 8F4C00382CAE000100000001 /* ModelAssets */; };
		8F4C00392CAE000100000001 /* FrameInferenceCoordinator.swift in Sources */ = {isa = PBXBuildFile; fileRef = 8F4C003A2CAE000100000001 /* FrameInferenceCoordinator.swift */; };
		8F4C003B2CAE000100000001 /* ModelDescriptionLogger.swift in Sources */ = {isa = PBXBuildFile; fileRef = 8F4C003C2CAE000100000001 /* ModelDescriptionLogger.swift */; };
/* End PBXBuildFile section */

/* Begin PBXFileReference section */
		8F4C00022CAE000100000001 /* Roana.app */ = {isa = PBXFileReference; explicitFileType = wrapper.application; includeInIndex = 0; path = Roana.app; sourceTree = BUILT_PRODUCTS_DIR; };
		8F4C00082CAE000100000001 /* RoanaApp.swift */ = {isa = PBXFileReference; lastKnownFileType = sourcecode.swift; path = RoanaApp.swift; sourceTree = "<group>"; };
		8F4C00092CAE000100000001 /* ContentView.swift */ = {isa = PBXFileReference; lastKnownFileType = sourcecode.swift; path = ContentView.swift; sourceTree = "<group>"; };
		8F4C000A2CAE000100000001 /* CameraAuthorization.swift */ = {isa = PBXFileReference; lastKnownFileType = sourcecode.swift; path = CameraAuthorization.swift; sourceTree = "<group>"; };
		8F4C000B2CAE000100000001 /* CameraPreviewView.swift */ = {isa = PBXFileReference; lastKnownFileType = sourcecode.swift; path = CameraPreviewView.swift; sourceTree = "<group>"; };
		8F4C000C2CAE000100000001 /* CameraSessionController.swift */ = {isa = PBXFileReference; lastKnownFileType = sourcecode.swift; path = CameraSessionController.swift; sourceTree = "<group>"; };
		8F4C000D2CAE000100000001 /* DeviceDiagnostics.swift */ = {isa = PBXFileReference; lastKnownFileType = sourcecode.swift; path = DeviceDiagnostics.swift; sourceTree = "<group>"; };
		8F4C000E2CAE000100000001 /* FrameDiagnostics.swift */ = {isa = PBXFileReference; lastKnownFileType = sourcecode.swift; path = FrameDiagnostics.swift; sourceTree = "<group>"; };
		8F4C000F2CAE000100000001 /* RollingPercentileWindow.swift */ = {isa = PBXFileReference; lastKnownFileType = sourcecode.swift; path = RollingPercentileWindow.swift; sourceTree = "<group>"; };
		8F4C00102CAE000100000001 /* Assets.xcassets */ = {isa = PBXFileReference; lastKnownFileType = folder.assetcatalog; path = Assets.xcassets; sourceTree = "<group>"; };
		8F4C00112CAE000100000001 /* Info.plist */ = {isa = PBXFileReference; lastKnownFileType = text.plist.xml; path = Info.plist; sourceTree = "<group>"; };
		8F4C00202CAE000100000001 /* YoloObstacleDetector.swift */ = {isa = PBXFileReference; lastKnownFileType = sourcecode.swift; path = YoloObstacleDetector.swift; sourceTree = "<group>"; };
		8F4C00222CAE000100000001 /* SpeechFeedbackDispatcher.swift */ = {isa = PBXFileReference; lastKnownFileType = sourcecode.swift; path = SpeechFeedbackDispatcher.swift; sourceTree = "<group>"; };
		8F4C00262CAE000100000001 /* CorridorPlanner.swift */ = {isa = PBXFileReference; lastKnownFileType = sourcecode.swift; path = CorridorPlanner.swift; sourceTree = "<group>"; };
		8F4C00282CAE000100000001 /* CorridorStateMachine.swift */ = {isa = PBXFileReference; lastKnownFileType = sourcecode.swift; path = CorridorStateMachine.swift; sourceTree = "<group>"; };
		8F4C002A2CAE000100000001 /* CorridorGridFusion.swift */ = {isa = PBXFileReference; lastKnownFileType = sourcecode.swift; path = CorridorGridFusion.swift; sourceTree = "<group>"; };
		8F4C002C2CAE000100000001 /* CorridorPipeline.swift */ = {isa = PBXFileReference; lastKnownFileType = sourcecode.swift; path = CorridorPipeline.swift; sourceTree = "<group>"; };
		8F4C002F2CAE000100000001 /* DepthAnythingOutputAdapter.swift */ = {isa = PBXFileReference; lastKnownFileType = sourcecode.swift; path = DepthAnythingOutputAdapter.swift; sourceTree = "<group>"; };
		8F4C00322CAE000100000001 /* DepthAnythingRunner.swift */ = {isa = PBXFileReference; lastKnownFileType = sourcecode.swift; path = DepthAnythingRunner.swift; sourceTree = "<group>"; };
		8F4C00342CAE000100000001 /* CorridorFeedbackDispatcher.swift */ = {isa = PBXFileReference; lastKnownFileType = sourcecode.swift; path = CorridorFeedbackDispatcher.swift; sourceTree = "<group>"; };
		8F4C00362CAE000100000001 /* ModelAssetResourceLocator.swift */ = {isa = PBXFileReference; lastKnownFileType = sourcecode.swift; path = ModelAssetResourceLocator.swift; sourceTree = "<group>"; };
		8F4C00382CAE000100000001 /* ModelAssets */ = {isa = PBXFileReference; lastKnownFileType = folder; path = ModelAssets; sourceTree = "<group>"; };
		8F4C003A2CAE000100000001 /* FrameInferenceCoordinator.swift */ = {isa = PBXFileReference; lastKnownFileType = sourcecode.swift; path = FrameInferenceCoordinator.swift; sourceTree = "<group>"; };
		8F4C003C2CAE000100000001 /* ModelDescriptionLogger.swift */ = {isa = PBXFileReference; lastKnownFileType = sourcecode.swift; path = ModelDescriptionLogger.swift; sourceTree = "<group>"; };
/* End PBXFileReference section */

/* Begin PBXFrameworksBuildPhase section */
		8F4C00052CAE000100000001 /* Frameworks */ = {
			isa = PBXFrameworksBuildPhase;
			buildActionMask = 2147483647;
			files = (
			);
			runOnlyForDeploymentPostprocessing = 0;
		};
/* End PBXFrameworksBuildPhase section */

/* Begin PBXGroup section */
		8F4C00032CAE000100000001 = {
			isa = PBXGroup;
			children = (
				8F4C00072CAE000100000001 /* Roana */,
				8F4C00042CAE000100000001 /* Products */,
			);
			sourceTree = "<group>";
		};
		8F4C00042CAE000100000001 /* Products */ = {
			isa = PBXGroup;
			children = (
				8F4C00022CAE000100000001 /* Roana.app */,
			);
			name = Products;
			sourceTree = "<group>";
		};
		8F4C00072CAE000100000001 /* Roana */ = {
			isa = PBXGroup;
			children = (
				8F4C00082CAE000100000001 /* RoanaApp.swift */,
				8F4C00092CAE000100000001 /* ContentView.swift */,
				8F4C001D2CAE000100000001 /* Camera */,
				8F4C002D2CAE000100000001 /* Corridor */,
				8F4C00302CAE000100000001 /* Depth */,
				8F4C001E2CAE000100000001 /* Diagnostics */,
				8F4C00382CAE000100000001 /* ModelAssets */,
				8F4C00232CAE000100000001 /* Models */,
				8F4C00242CAE000100000001 /* Speech */,
				8F4C00102CAE000100000001 /* Assets.xcassets */,
				8F4C00112CAE000100000001 /* Info.plist */,
			);
			path = Roana;
			sourceTree = "<group>";
		};
		8F4C001D2CAE000100000001 /* Camera */ = {
			isa = PBXGroup;
			children = (
				8F4C000A2CAE000100000001 /* CameraAuthorization.swift */,
				8F4C000B2CAE000100000001 /* CameraPreviewView.swift */,
				8F4C000C2CAE000100000001 /* CameraSessionController.swift */,
				8F4C003A2CAE000100000001 /* FrameInferenceCoordinator.swift */,
			);
			path = Camera;
			sourceTree = "<group>";
		};
		8F4C001E2CAE000100000001 /* Diagnostics */ = {
			isa = PBXGroup;
			children = (
				8F4C000D2CAE000100000001 /* DeviceDiagnostics.swift */,
				8F4C000E2CAE000100000001 /* FrameDiagnostics.swift */,
				8F4C000F2CAE000100000001 /* RollingPercentileWindow.swift */,
			);
			path = Diagnostics;
			sourceTree = "<group>";
		};
		8F4C002D2CAE000100000001 /* Corridor */ = {
			isa = PBXGroup;
			children = (
				8F4C00262CAE000100000001 /* CorridorPlanner.swift */,
				8F4C00282CAE000100000001 /* CorridorStateMachine.swift */,
				8F4C002A2CAE000100000001 /* CorridorGridFusion.swift */,
				8F4C002C2CAE000100000001 /* CorridorPipeline.swift */,
			);
			path = Corridor;
			sourceTree = "<group>";
		};
		8F4C00302CAE000100000001 /* Depth */ = {
			isa = PBXGroup;
			children = (
				8F4C002F2CAE000100000001 /* DepthAnythingOutputAdapter.swift */,
				8F4C00322CAE000100000001 /* DepthAnythingRunner.swift */,
			);
			path = Depth;
			sourceTree = "<group>";
		};
		8F4C00232CAE000100000001 /* Models */ = {
			isa = PBXGroup;
			children = (
				8F4C00362CAE000100000001 /* ModelAssetResourceLocator.swift */,
				8F4C003C2CAE000100000001 /* ModelDescriptionLogger.swift */,
				8F4C00202CAE000100000001 /* YoloObstacleDetector.swift */,
			);
			path = Models;
			sourceTree = "<group>";
		};
		8F4C00242CAE000100000001 /* Speech */ = {
			isa = PBXGroup;
			children = (
				8F4C00342CAE000100000001 /* CorridorFeedbackDispatcher.swift */,
				8F4C00222CAE000100000001 /* SpeechFeedbackDispatcher.swift */,
			);
			path = Speech;
			sourceTree = "<group>";
		};
/* End PBXGroup section */

/* Begin PBXNativeTarget section */
		8F4C00012CAE000100000001 /* Roana */ = {
			isa = PBXNativeTarget;
			buildConfigurationList = 8F4C00132CAE000100000001 /* Build configuration list for PBXNativeTarget "Roana" */;
			buildPhases = (
				8F4C00062CAE000100000001 /* Sources */,
				8F4C00052CAE000100000001 /* Frameworks */,
				8F4C00042CAE000100000002 /* Resources */,
			);
			buildRules = (
			);
			dependencies = (
			);
			name = Roana;
			productName = Roana;
			productReference = 8F4C00022CAE000100000001 /* Roana.app */;
			productType = "com.apple.product-type.application";
		};
/* End PBXNativeTarget section */

/* Begin PBXProject section */
		8F4C00002CAE000100000001 /* Project object */ = {
			isa = PBXProject;
			attributes = {
				BuildIndependentTargetsInParallel = 1;
				LastSwiftUpdateCheck = 1600;
				LastUpgradeCheck = 1600;
				TargetAttributes = {
					8F4C00012CAE000100000001 = {
						CreatedOnToolsVersion = 16.0;
					};
				};
			};
			buildConfigurationList = 8F4C00122CAE000100000001 /* Build configuration list for PBXProject "Roana" */;
			compatibilityVersion = "Xcode 14.0";
			developmentRegion = en;
			hasScannedForEncodings = 0;
			knownRegions = (
				en,
				Base,
			);
			mainGroup = 8F4C00032CAE000100000001;
			productRefGroup = 8F4C00042CAE000100000001 /* Products */;
			projectDirPath = "";
			projectRoot = "";
			targets = (
				8F4C00012CAE000100000001 /* Roana */,
			);
		};
/* End PBXProject section */

/* Begin PBXResourcesBuildPhase section */
		8F4C00042CAE000100000002 /* Resources */ = {
			isa = PBXResourcesBuildPhase;
			buildActionMask = 2147483647;
			files = (
				8F4C001C2CAE000100000001 /* Assets.xcassets in Resources */,
				8F4C00372CAE000100000001 /* ModelAssets in Resources */,
			);
			runOnlyForDeploymentPostprocessing = 0;
		};
/* End PBXResourcesBuildPhase section */

/* Begin PBXSourcesBuildPhase section */
		8F4C00062CAE000100000001 /* Sources */ = {
			isa = PBXSourcesBuildPhase;
			buildActionMask = 2147483647;
			files = (
				8F4C00142CAE000100000001 /* RoanaApp.swift in Sources */,
				8F4C00152CAE000100000001 /* ContentView.swift in Sources */,
				8F4C00162CAE000100000001 /* CameraAuthorization.swift in Sources */,
				8F4C00172CAE000100000001 /* CameraPreviewView.swift in Sources */,
				8F4C00182CAE000100000001 /* CameraSessionController.swift in Sources */,
				8F4C00392CAE000100000001 /* FrameInferenceCoordinator.swift in Sources */,
				8F4C00192CAE000100000001 /* DeviceDiagnostics.swift in Sources */,
				8F4C001A2CAE000100000001 /* FrameDiagnostics.swift in Sources */,
				8F4C001B2CAE000100000001 /* RollingPercentileWindow.swift in Sources */,
				8F4C00352CAE000100000001 /* ModelAssetResourceLocator.swift in Sources */,
				8F4C003B2CAE000100000001 /* ModelDescriptionLogger.swift in Sources */,
				8F4C001F2CAE000100000001 /* YoloObstacleDetector.swift in Sources */,
				8F4C00212CAE000100000001 /* SpeechFeedbackDispatcher.swift in Sources */,
				8F4C00252CAE000100000001 /* CorridorPlanner.swift in Sources */,
				8F4C00272CAE000100000001 /* CorridorStateMachine.swift in Sources */,
				8F4C00292CAE000100000001 /* CorridorGridFusion.swift in Sources */,
				8F4C002B2CAE000100000001 /* CorridorPipeline.swift in Sources */,
				8F4C002E2CAE000100000001 /* DepthAnythingOutputAdapter.swift in Sources */,
				8F4C00312CAE000100000001 /* DepthAnythingRunner.swift in Sources */,
				8F4C00332CAE000100000001 /* CorridorFeedbackDispatcher.swift in Sources */,
			);
			runOnlyForDeploymentPostprocessing = 0;
		};
/* End PBXSourcesBuildPhase section */

/* Begin XCBuildConfiguration section */
		8F4C01002CAE000100000001 /* Debug */ = {
			isa = XCBuildConfiguration;
			buildSettings = {
				ALWAYS_SEARCH_USER_PATHS = NO;
				CLANG_ANALYZER_NONNULL = YES;
				CLANG_ANALYZER_NUMBER_OBJECT_CONVERSION = YES_AGGRESSIVE;
				CLANG_CXX_LANGUAGE_STANDARD = "gnu++20";
				CLANG_ENABLE_MODULES = YES;
				CLANG_ENABLE_OBJC_ARC = YES;
				CLANG_ENABLE_OBJC_WEAK = YES;
				CLANG_WARN_BLOCK_CAPTURE_AUTORELEASING = YES;
				CLANG_WARN_BOOL_CONVERSION = YES;
				CLANG_WARN_COMMA = YES;
				CLANG_WARN_CONSTANT_CONVERSION = YES;
				CLANG_WARN_DEPRECATED_OBJC_IMPLEMENTATIONS = YES;
				CLANG_WARN_DIRECT_OBJC_ISA_USAGE = YES_ERROR;
				CLANG_WARN_DOCUMENTATION_COMMENTS = YES;
				CLANG_WARN_EMPTY_BODY = YES;
				CLANG_WARN_ENUM_CONVERSION = YES;
				CLANG_WARN_INFINITE_RECURSION = YES;
				CLANG_WARN_INT_CONVERSION = YES;
				CLANG_WARN_NON_LITERAL_NULL_CONVERSION = YES;
				CLANG_WARN_OBJC_IMPLICIT_RETAIN_SELF = YES;
				CLANG_WARN_OBJC_LITERAL_CONVERSION = YES;
				CLANG_WARN_OBJC_ROOT_CLASS = YES_ERROR;
				CLANG_WARN_QUOTED_INCLUDE_IN_FRAMEWORK_HEADER = YES;
				CLANG_WARN_RANGE_LOOP_ANALYSIS = YES;
				CLANG_WARN_STRICT_PROTOTYPES = YES;
				CLANG_WARN_SUSPICIOUS_MOVE = YES;
				CLANG_WARN_UNGUARDED_AVAILABILITY = YES_AGGRESSIVE;
				CLANG_WARN_UNREACHABLE_CODE = YES;
				CLANG_WARN__DUPLICATE_METHOD_MATCH = YES;
				COPY_PHASE_STRIP = NO;
				DEBUG_INFORMATION_FORMAT = dwarf;
				ENABLE_STRICT_OBJC_MSGSEND = YES;
				ENABLE_TESTABILITY = YES;
				ENABLE_USER_SCRIPT_SANDBOXING = YES;
				GCC_C_LANGUAGE_STANDARD = gnu17;
				GCC_DYNAMIC_NO_PIC = NO;
				GCC_NO_COMMON_BLOCKS = YES;
				GCC_OPTIMIZATION_LEVEL = 0;
				GCC_PREPROCESSOR_DEFINITIONS = (
					"DEBUG=1",
					"$(inherited)",
				);
				GCC_WARN_64_TO_32_BIT_CONVERSION = YES;
				GCC_WARN_ABOUT_RETURN_TYPE = YES_ERROR;
				GCC_WARN_UNDECLARED_SELECTOR = YES;
				GCC_WARN_UNINITIALIZED_AUTOS = YES_AGGRESSIVE;
				GCC_WARN_UNUSED_FUNCTION = YES;
				GCC_WARN_UNUSED_VARIABLE = YES;
				IPHONEOS_DEPLOYMENT_TARGET = 17.0;
				MTL_ENABLE_DEBUG_INFO = INCLUDE_SOURCE;
				MTL_FAST_MATH = YES;
				ONLY_ACTIVE_ARCH = YES;
				SDKROOT = iphoneos;
				SWIFT_ACTIVE_COMPILATION_CONDITIONS = "DEBUG $(inherited)";
				SWIFT_OPTIMIZATION_LEVEL = "-Onone";
			};
			name = Debug;
		};
		8F4C01012CAE000100000001 /* Release */ = {
			isa = XCBuildConfiguration;
			buildSettings = {
				ALWAYS_SEARCH_USER_PATHS = NO;
				CLANG_ANALYZER_NONNULL = YES;
				CLANG_ANALYZER_NUMBER_OBJECT_CONVERSION = YES_AGGRESSIVE;
				CLANG_CXX_LANGUAGE_STANDARD = "gnu++20";
				CLANG_ENABLE_MODULES = YES;
				CLANG_ENABLE_OBJC_ARC = YES;
				CLANG_ENABLE_OBJC_WEAK = YES;
				CLANG_WARN_BLOCK_CAPTURE_AUTORELEASING = YES;
				CLANG_WARN_BOOL_CONVERSION = YES;
				CLANG_WARN_COMMA = YES;
				CLANG_WARN_CONSTANT_CONVERSION = YES;
				CLANG_WARN_DEPRECATED_OBJC_IMPLEMENTATIONS = YES;
				CLANG_WARN_DIRECT_OBJC_ISA_USAGE = YES_ERROR;
				CLANG_WARN_DOCUMENTATION_COMMENTS = YES;
				CLANG_WARN_EMPTY_BODY = YES;
				CLANG_WARN_ENUM_CONVERSION = YES;
				CLANG_WARN_INFINITE_RECURSION = YES;
				CLANG_WARN_INT_CONVERSION = YES;
				CLANG_WARN_NON_LITERAL_NULL_CONVERSION = YES;
				CLANG_WARN_OBJC_IMPLICIT_RETAIN_SELF = YES;
				CLANG_WARN_OBJC_LITERAL_CONVERSION = YES;
				CLANG_WARN_OBJC_ROOT_CLASS = YES_ERROR;
				CLANG_WARN_QUOTED_INCLUDE_IN_FRAMEWORK_HEADER = YES;
				CLANG_WARN_RANGE_LOOP_ANALYSIS = YES;
				CLANG_WARN_STRICT_PROTOTYPES = YES;
				CLANG_WARN_SUSPICIOUS_MOVE = YES;
				CLANG_WARN_UNGUARDED_AVAILABILITY = YES_AGGRESSIVE;
				CLANG_WARN_UNREACHABLE_CODE = YES;
				CLANG_WARN__DUPLICATE_METHOD_MATCH = YES;
				COPY_PHASE_STRIP = NO;
				DEBUG_INFORMATION_FORMAT = "dwarf-with-dsym";
				ENABLE_NS_ASSERTIONS = NO;
				ENABLE_STRICT_OBJC_MSGSEND = YES;
				ENABLE_USER_SCRIPT_SANDBOXING = YES;
				GCC_C_LANGUAGE_STANDARD = gnu17;
				GCC_NO_COMMON_BLOCKS = YES;
				GCC_WARN_64_TO_32_BIT_CONVERSION = YES;
				GCC_WARN_ABOUT_RETURN_TYPE = YES_ERROR;
				GCC_WARN_UNDECLARED_SELECTOR = YES;
				GCC_WARN_UNINITIALIZED_AUTOS = YES_AGGRESSIVE;
				GCC_WARN_UNUSED_FUNCTION = YES;
				GCC_WARN_UNUSED_VARIABLE = YES;
				IPHONEOS_DEPLOYMENT_TARGET = 17.0;
				MTL_ENABLE_DEBUG_INFO = NO;
				MTL_FAST_MATH = YES;
				SDKROOT = iphoneos;
				SWIFT_COMPILATION_MODE = wholemodule;
				VALIDATE_PRODUCT = YES;
			};
			name = Release;
		};
		8F4C01022CAE000100000001 /* Debug */ = {
			isa = XCBuildConfiguration;
			buildSettings = {
				CODE_SIGN_STYLE = Automatic;
				CURRENT_PROJECT_VERSION = 1;
				DEVELOPMENT_ASSET_PATHS = "";
				DEVELOPMENT_TEAM = "";
				ENABLE_PREVIEWS = YES;
				GENERATE_INFOPLIST_FILE = NO;
				INFOPLIST_FILE = Roana/Info.plist;
				IPHONEOS_DEPLOYMENT_TARGET = 17.0;
				LD_RUNPATH_SEARCH_PATHS = (
					"$(inherited)",
					"@executable_path/Frameworks",
				);
				MARKETING_VERSION = 0.1.0;
				PRODUCT_BUNDLE_IDENTIFIER = app.roana.ios;
				PRODUCT_NAME = "$(TARGET_NAME)";
				SUPPORTED_PLATFORMS = "iphoneos iphonesimulator";
				SUPPORTS_MACCATALYST = NO;
				SUPPORTS_MAC_DESIGNED_FOR_IPHONE_IPAD = NO;
				SWIFT_EMIT_LOC_STRINGS = YES;
				SWIFT_VERSION = 5.0;
				TARGETED_DEVICE_FAMILY = 1;
			};
			name = Debug;
		};
		8F4C01032CAE000100000001 /* Release */ = {
			isa = XCBuildConfiguration;
			buildSettings = {
				CODE_SIGN_STYLE = Automatic;
				CURRENT_PROJECT_VERSION = 1;
				DEVELOPMENT_ASSET_PATHS = "";
				DEVELOPMENT_TEAM = "";
				GENERATE_INFOPLIST_FILE = NO;
				INFOPLIST_FILE = Roana/Info.plist;
				IPHONEOS_DEPLOYMENT_TARGET = 17.0;
				LD_RUNPATH_SEARCH_PATHS = (
					"$(inherited)",
					"@executable_path/Frameworks",
				);
				MARKETING_VERSION = 0.1.0;
				PRODUCT_BUNDLE_IDENTIFIER = app.roana.ios;
				PRODUCT_NAME = "$(TARGET_NAME)";
				SUPPORTED_PLATFORMS = "iphoneos iphonesimulator";
				SUPPORTS_MACCATALYST = NO;
				SUPPORTS_MAC_DESIGNED_FOR_IPHONE_IPAD = NO;
				SWIFT_EMIT_LOC_STRINGS = YES;
				SWIFT_VERSION = 5.0;
				TARGETED_DEVICE_FAMILY = 1;
			};
			name = Release;
		};
/* End XCBuildConfiguration section */

/* Begin XCConfigurationList section */
		8F4C00122CAE000100000001 /* Build configuration list for PBXProject "Roana" */ = {
			isa = XCConfigurationList;
			buildConfigurations = (
				8F4C01002CAE000100000001 /* Debug */,
				8F4C01012CAE000100000001 /* Release */,
			);
			defaultConfigurationIsVisible = 0;
			defaultConfigurationName = Release;
		};
		8F4C00132CAE000100000001 /* Build configuration list for PBXNativeTarget "Roana" */ = {
			isa = XCConfigurationList;
			buildConfigurations = (
				8F4C01022CAE000100000001 /* Debug */,
				8F4C01032CAE000100000001 /* Release */,
			);
			defaultConfigurationIsVisible = 0;
			defaultConfigurationName = Release;
		};
/* End XCConfigurationList section */
	};
	rootObject = 8F4C00002CAE000100000001 /* Project object */;
}
